{
  "lockfileVersion": 1,
  "configVersion": 1,
  "workspaces": {
    "": {
      "dependencies": {
        "dotted-map": "^3.1.0",
      },
    },
  },
  "packages": {
    "@turf/boolean-point-in-polygon": ["@turf/boolean-point-in-polygon@7.4.0", "", { "dependencies": { "@turf/helpers": "7.4.0", "@turf/invariant": "7.4.0", "@types/geojson": "^7946.0.10", "point-in-polygon-hao": "^1.1.0", "tslib": "^2.8.1" } }, "sha512-GQrHc6WSDHhf32GB/b9AGyOeC05AQ3nGN7ooWTrlCYefKn7X9/2wG9BNexF47AuyDq5jPdOvITVR26BLFWV+mA=="],

    "@turf/helpers": ["@turf/helpers@7.4.0", "", { "dependencies": { "@types/geojson": "^7946.0.10", "tslib": "^2.8.1" } }, "sha512-7PAwLZqOdRzTI5g9bHvUwlloAXPDH/mlajtryk0tw4ZwGMtmXsAyF4QundsAMfy4u48Fyd3AUqMXY0SMxqJGWg=="],

    "@turf/invariant": ["@turf/invariant@7.4.0", "", { "dependencies": { "@turf/helpers": "7.4.0", "@types/geojson": "^7946.0.10", "tslib": "^2.8.1" } }, "sha512-OAsc3qdNx+tRqzWmMNFMnVlWWACIqnYqIejZKvb2oKkKPYJJrURPXZ6OdrGD58ljJMolLoqwIZGSx3VndaEjxg=="],

    "@types/geojson": ["@types/geojson@7946.0.16", "", {}, "sha512-6C8nqWur3j98U6+lXDfTUWIfgvZU+EumvpHKcYjujKH7woYyLj2sUmff0tRhrqM7BohUw7Pz3ZB1jj2gW9Fvmg=="],

    "dotted-map": ["dotted-map@3.1.0", "", { "dependencies": { "@turf/boolean-point-in-polygon": "^7.3.4", "proj4": "^2.20.2" } }, "sha512-E0z9o5IaTf44FnWHvbyg4QQcBwXgzZJr82HJASWb1dKUCULHfnlWKRpfe5EFHTk/yaoS1sQSLMyMrL6o74/sIw=="],

    "mgrs": ["mgrs@1.0.0", "", {}, "sha512-awNbTOqCxK1DBGjalK3xqWIstBZgN6fxsMSiXLs9/spqWkF2pAhb2rrYCFSsr1/tT7PhcDGjZndG8SWYn0byYA=="],

    "point-in-polygon-hao": ["point-in-polygon-hao@1.2.4", "", { "dependencies": { "robust-predicates": "^3.0.2" } }, "sha512-x2pcvXeqhRHlNRdhLs/tgFapAbSSe86wa/eqmj1G6pWftbEs5aVRJhRGM6FYSUERKu0PjekJzMq0gsI2XyiclQ=="],

    "proj4": ["proj4@2.22.0", "", { "dependencies": { "mgrs": "1.0.0", "wkt-parser": "^1.5.5" }, "peerDependencies": { "geotiff": "*" }, "optionalPeers": ["geotiff"] }, "sha512-MVvH09QrYm3A235rcX39WDiCKanrBiblu28l0KYIn/B2DofmYhvP/LLS43kE66jNDfx/P1l/nah3JmsAq8UgbQ=="],

    "robust-predicates": ["robust-predicates@3.0.3", "", {}, "sha512-NS3levdsRIUOmiJ8FZWCP7LG3QpJyrs/TE0Zpf1yvZu8cAJJ6QMW92H1c7kWpdIHo8RvmLxN/o2JXTKHp74lUA=="],

    "tslib": ["tslib@2.8.1", "", {}, "sha512-oJFu94HQb+KVduSUQL7wnpmqnfmLsOA/nAh6b6EH0wCEoK0/mPeXU6c3wKDV83MkOuHPRHtSXKKU99IBazS/2w=="],

    "wkt-parser": ["wkt-parser@1.5.6", "", {}, "sha512-cqHU3lzGt/gt2OqIORP0uVy5yeOX43WABmgFkmJsmcqH3HhQo9PiJG6ftytwGKmpQUbegeX7+pQc2BuNCRfcrw=="],
  }
}
